
Microsoft Visual Studio Solution File, Format Version 12.00
# Visual Studio Version 16
VisualStudioVersion = 16.0.31205.134
MinimumVisualStudioVersion = 10.0.40219.1
Project("{FAE04EC0-301F-11D3-BF4B-00C04F79EFBC}") = "AzureLoginTest", "AzureLoginTest.csproj", "{EC9787E9-FE6D-42AD-9149-AE95AE84A958}"
EndProject
Global
	GlobalSection(SolutionConfigurationPlatforms) = preSolution
		Debug|ARM = Debug|ARM
		Debug|ARM64 = Debug|ARM64
		Debug|x64 = Debug|x64
		Debug|x86 = Debug|x86
		Release|ARM = Release|ARM
		Release|ARM64 = Release|ARM64
		Release|x64 = Release|x64
		Release|x86 = Release|x86
	EndGlobalSection
	GlobalSection(ProjectConfigurationPlatforms) = postSolution
		{EC9787E9-FE6D-42AD-9149-AE95AE84A958}.Debug|ARM.ActiveCfg = Debug|ARM
		{EC9787E9-FE6D-42AD-9149-AE95AE84A958}.Debug|ARM.Build.0 = Debug|ARM
		{EC9787E9-FE6D-42AD-9149-AE95AE84A958}.Debug|ARM.Deploy.0 = Debug|ARM
		{EC9787E9-FE6D-42AD-9149-AE95AE84A958}.Debug|ARM64.ActiveCfg = Debug|ARM64
		{EC9787E9-FE6D-42AD-9149-AE95AE84A958}.Debug|ARM64.Build.0 = Debug|ARM64
		{EC9787E9-FE6D-42AD-9149-AE95AE84A958}.Debug|ARM64.Deploy.0 = Debug|ARM64
		{EC9787E9-FE6D-42AD-9149-AE95AE84A958}.Debug|x64.ActiveCfg = Debug|x64
		{EC9787E9-FE6D-42AD-9149-AE95AE84A958}.Debug|x64.Build.0 = Debug|x64
		{EC9787E9-FE6D-42AD-9149-AE95AE84A958}.Debug|x64.Deploy.0 = Debug|x64
		{EC9787E9-FE6D-42AD-9149-AE95AE84A958}.Debug|x86.ActiveCfg = Debug|x86
		{EC9787E9-FE6D-42AD-9149-AE95AE84A958}.Debug|x86.Build.0 = Debug|x86
		{EC9787E9-FE6D-42AD-9149-AE95AE84A958}.Debug|x86.Deploy.0 = Debug|x86
		{EC9787E9-FE6D-42AD-9149-AE95AE84A958}.Release|ARM.ActiveCfg = Release|ARM
		{EC9787E9-FE6D-42AD-9149-AE95AE84A958}.Release|ARM.Build.0 = Release|ARM
		{EC9787E9-FE6D-42AD-9149-AE95AE84A958}.Release|ARM.Deploy.0 = Release|ARM
		{EC9787E9-FE6D-42AD-9149-AE95AE84A958}.Release|ARM64.ActiveCfg = Release|ARM64
		{EC9787E9-FE6D-42AD-9149-AE95AE84A958}.Release|ARM64.Build.0 = Release|ARM64
		{EC9787E9-FE6D-42AD-9149-AE95AE84A958}.Release|ARM64.Deploy.0 = Release|ARM64
		{EC9787E9-FE6D-42AD-9149-AE95AE84A958}.Release|x64.ActiveCfg = Release|x64
		{EC9787E9-FE6D-42AD-9149-AE95AE84A958}.Release|x64.Build.0 = Release|x64
		{EC9787E9-FE6D-42AD-9149-AE95AE84A958}.Release|x64.Deploy.0 = Release|x64
		{EC9787E9-FE6D-42AD-9149-AE95AE84A958}.Release|x86.ActiveCfg = Release|x86
		{EC9787E9-FE6D-42AD-9149-AE95AE84A958}.Release|x86.Build.0 = Release|x86
		{EC9787E9-FE6D-42AD-9149-AE95AE84A958}.Release|x86.Deploy.0 = Release|x86
	EndGlobalSection
	GlobalSection(SolutionProperties) = preSolution
		HideSolutionNode = FALSE
	EndGlobalSection
	GlobalSection(ExtensibilityGlobals) = postSolution
		SolutionGuid = {5D344A1C-6EB5-47DC-954B-C2A619DB8A9B}
	EndGlobalSection
EndGlobal
